
Microsoft Visual Studio Solution File, Format Version 12.00
# Visual Studio Version 17
VisualStudioVersion = 17.9.34728.123
MinimumVisualStudioVersion = 10.0.40219.1
Project("{FAE04EC0-301F-11D3-BF4B-00C04F79EFBC}") = "Proyecto", "Proyecto\Proyecto.csproj", "{A78A18B5-41F4-4B73-9640-C03899BADE1A}"
EndProject
Project("{FAE04EC0-301F-11D3-BF4B-00C04F79EFBC}") = "UnitTestProject1", "UnitTestProject1\UnitTestProject1.csproj", "{BED122D6-8627-43DB-9FF3-330A0098159A}"
EndProject
Global
	GlobalSection(SolutionConfigurationPlatforms) = preSolution
		Debug|Any CPU = Debug|Any CPU
		Release|Any CPU = Release|Any CPU
	EndGlobalSection
	GlobalSection(ProjectConfigurationPlatforms) = postSolution
		{A78A18B5-41F4-4B73-9640-C03899BADE1A}.Debug|Any CPU.ActiveCfg = Debug|Any CPU
		{A78A18B5-41F4-4B73-9640-C03899BADE1A}.Debug|Any CPU.Build.0 = Debug|Any CPU
		{A78A18B5-41F4-4B73-9640-C03899BADE1A}.Release|Any CPU.ActiveCfg = Release|Any CPU
		{A78A18B5-41F4-4B73-9640-C03899BADE1A}.Release|Any CPU.Build.0 = Release|Any CPU
		{BED122D6-8627-43DB-9FF3-330A0098159A}.Debug|Any CPU.ActiveCfg = Debug|Any CPU
		{BED122D6-8627-43DB-9FF3-330A0098159A}.Debug|Any CPU.Build.0 = Debug|Any CPU
		{BED122D6-8627-43DB-9FF3-330A0098159A}.Release|Any CPU.ActiveCfg = Release|Any CPU
		{BED122D6-8627-43DB-9FF3-330A0098159A}.Release|Any CPU.Build.0 = Release|Any CPU
	EndGlobalSection
	GlobalSection(SolutionProperties) = preSolution
		HideSolutionNode = FALSE
	EndGlobalSection
	GlobalSection(ExtensibilityGlobals) = postSolution
		SolutionGuid = {214DA113-27CE-4F60-88D7-4C59D1E3D498}
	EndGlobalSection
EndGlobal
